// !$*UTF8*$!
{
	archiveVersion = 1;
	classes = {
	};
	objectVersion = 46;
	objects = {

/* Begin PBXBuildFile section */
		8DC2EF530486A6940098B216 /* InfoPlist.strings in Resources */ = {isa = PBXBuildFile; fileRef = 089C1666FE841158C02AAC07 /* InfoPlist.strings */; };
		F90C756415AB4260002DA0E4 /* JSONKit.m in Sources */ = {isa = PBXBuildFile; fileRef = F9C2AC2A0E7B620900474D97 /* JSONKit.m */; };
		F90C756615AB4263002DA0E4 /* JSONKit.m in Sources */ = {isa = PBXBuildFile; fileRef = F9C2AC2A0E7B620900474D97 /* JSONKit.m */; };
		F972973115AB3ABF006144AD /* Foundation.framework in Frameworks */ = {isa = PBXBuildFile; fileRef = F972972115AB3AAC006144AD /* Foundation.framework */; };
		F972973B15AB3B1C006144AD /* Foundation.framework in Frameworks */ = {isa = PBXBuildFile; fileRef = F972972115AB3AAC006144AD /* Foundation.framework */; };
		F972974215AB3B8D006144AD /* Cocoa.framework in Frameworks */ = {isa = PBXBuildFile; fileRef = F972974115AB3B8D006144AD /* Cocoa.framework */; };
		F972976515AB413E006144AD /* JSONKit.h in Headers */ = {isa = PBXBuildFile; fileRef = F9C2AC290E7B620900474D97 /* JSONKit.h */; settings = {ATTRIBUTES = (Public, ); }; };
		F972976715AB4141006144AD /* JSONKit.h in Headers */ = {isa = PBXBuildFile; fileRef = F9C2AC290E7B620900474D97 /* JSONKit.h */; settings = {ATTRIBUTES = (Public, ); }; };
		F9C2AC2B0E7B620900474D97 /* JSONKit.h in Headers */ = {isa = PBXBuildFile; fileRef = F9C2AC290E7B620900474D97 /* JSONKit.h */; settings = {ATTRIBUTES = (Public, ); }; };
		F9C2AC2C0E7B620900474D97 /* JSONKit.m in Sources */ = {isa = PBXBuildFile; fileRef = F9C2AC2A0E7B620900474D97 /* JSONKit.m */; };
/* End PBXBuildFile section */

/* Begin PBXFileReference section */
		089C1667FE841158C02AAC07 /* English */ = {isa = PBXFileReference; fileEncoding = 10; lastKnownFileType = text.plist.strings; name = English; path = English.lproj/InfoPlist.strings; sourceTree = "<group>"; };
		8DC2EF5A0486A6940098B216 /* Info.plist */ = {isa = PBXFileReference; fileEncoding = 4; lastKnownFileType = text.plist.xml; path = Info.plist; sourceTree = "<group>"; };
		8DC2EF5B0486A6940098B216 /* JSONKit.framework */ = {isa = PBXFileReference; explicitFileType = wrapper.framework; includeInIndex = 0; path = JSONKit.framework; sourceTree = BUILT_PRODUCTS_DIR; };
		F972972115AB3AAC006144AD /* Foundation.framework */ = {isa = PBXFileReference; lastKnownFileType = wrapper.framework; name = Foundation.framework; path = System/Library/Frameworks/Foundation.framework; sourceTree = SDKROOT; };
		F972973015AB3ABF006144AD /* libJSONKit.a */ = {isa = PBXFileReference; explicitFileType = archive.ar; includeInIndex = 0; path = libJSONKit.a; sourceTree = BUILT_PRODUCTS_DIR; };
		F972974015AB3B8D006144AD /* libJSONKit.a */ = {isa = PBXFileReference; explicitFileType = archive.ar; includeInIndex = 0; path = libJSONKit.a; sourceTree = BUILT_PRODUCTS_DIR; };
		F972974115AB3B8D006144AD /* Cocoa.framework */ = {isa = PBXFileReference; lastKnownFileType = wrapper.framework; name = Cocoa.framework; path = System/Library/Frameworks/Cocoa.framework; sourceTree = SDKROOT; };
		F972974415AB3B8D006144AD /* AppKit.framework */ = {isa = PBXFileReference; lastKnownFileType = wrapper.framework; name = AppKit.framework; path = System/Library/Frameworks/AppKit.framework; sourceTree = SDKROOT; };
		F972974515AB3B8D006144AD /* CoreData.framework */ = {isa = PBXFileReference; lastKnownFileType = wrapper.framework; name = CoreData.framework; path = System/Library/Frameworks/CoreData.framework; sourceTree = SDKROOT; };
		F972974615AB3B8D006144AD /* Foundation.framework */ = {isa = PBXFileReference; lastKnownFileType = wrapper.framework; name = Foundation.framework; path = System/Library/Frameworks/Foundation.framework; sourceTree = SDKROOT; };
		F9C2AC290E7B620900474D97 /* JSONKit.h */ = {isa = PBXFileReference; fileEncoding = 4; lastKnownFileType = sourcecode.c.h; path = JSONKit.h; sourceTree = "<group>"; };
		F9C2AC2A0E7B620900474D97 /* JSONKit.m */ = {isa = PBXFileReference; fileEncoding = 4; lastKnownFileType = sourcecode.c.objc; path = JSONKit.m; sourceTree = "<group>"; };
/* End PBXFileReference section */

/* Begin PBXFrameworksBuildPhase section */
		8DC2EF560486A6940098B216 /* Frameworks */ = {
			isa = PBXFrameworksBuildPhase;
			buildActionMask = 2147483647;
			files = (
				F972973B15AB3B1C006144AD /* Foundation.framework in Frameworks */,
			);
			runOnlyForDeploymentPostprocessing = 0;
		};
		F972972D15AB3ABF006144AD /* Frameworks */ = {
			isa = PBXFrameworksBuildPhase;
			buildActionMask = 2147483647;
			files = (
				F972973115AB3ABF006144AD /* Foundation.framework in Frameworks */,
			);
			runOnlyForDeploymentPostprocessing = 0;
		};
		F972973D15AB3B8D006144AD /* Frameworks */ = {
			isa = PBXFrameworksBuildPhase;
			buildActionMask = 2147483647;
			files = (
				F972974215AB3B8D006144AD /* Cocoa.framework in Frameworks */,
			);
			runOnlyForDeploymentPostprocessing = 0;
		};
/* End PBXFrameworksBuildPhase section */

/* Begin PBXGroup section */
		034768DFFF38A50411DB9C8B /* Products */ = {
			isa = PBXGroup;
			children = (
				8DC2EF5B0486A6940098B216 /* JSONKit.framework */,
				F972973015AB3ABF006144AD /* libJSONKit.a */,
				F972974015AB3B8D006144AD /* libJSONKit.a */,
			);
			name = Products;
			sourceTree = "<group>";
		};
		0867D691FE84028FC02AAC07 /* JSONKit */ = {
			isa = PBXGroup;
			children = (
				F9C2AC1D0E7B614900474D97 /* Source */,
				089C1665FE841158C02AAC07 /* Resources */,
				F972972015AB3AAC006144AD /* Frameworks */,
				034768DFFF38A50411DB9C8B /* Products */,
			);
			name = JSONKit;
			sourceTree = "<group>";
		};
		089C1665FE841158C02AAC07 /* Resources */ = {
			isa = PBXGroup;
			children = (
				8DC2EF5A0486A6940098B216 /* Info.plist */,
				089C1666FE841158C02AAC07 /* InfoPlist.strings */,
			);
			path = Resources;
			sourceTree = "<group>";
		};
		F972972015AB3AAC006144AD /* Frameworks */ = {
			isa = PBXGroup;
			children = (
				F972972115AB3AAC006144AD /* Foundation.framework */,
				F972974115AB3B8D006144AD /* Cocoa.framework */,
				F972974315AB3B8D006144AD /* Other Frameworks */,
			);
			name = Frameworks;
			sourceTree = "<group>";
		};
		F972974315AB3B8D006144AD /* Other Frameworks */ = {
			isa = PBXGroup;
			children = (
				F972974415AB3B8D006144AD /* AppKit.framework */,
				F972974515AB3B8D006144AD /* CoreData.framework */,
				F972974615AB3B8D006144AD /* Foundation.framework */,
			);
			name = "Other Frameworks";
			sourceTree = "<group>";
		};
		F9C2AC1D0E7B614900474D97 /* Source */ = {
			isa = PBXGroup;
			children = (
				F9C2AC290E7B620900474D97 /* JSONKit.h */,
				F9C2AC2A0E7B620900474D97 /* JSONKit.m */,
			);
			path = Source;
			sourceTree = "<group>";
		};
/* End PBXGroup section */

/* Begin PBXHeadersBuildPhase section */
		8DC2EF500486A6940098B216 /* Headers */ = {
			isa = PBXHeadersBuildPhase;
			buildActionMask = 2147483647;
			files = (
				F9C2AC2B0E7B620900474D97 /* JSONKit.h in Headers */,
			);
			runOnlyForDeploymentPostprocessing = 0;
		};
		F972972E15AB3ABF006144AD /* Headers */ = {
			isa = PBXHeadersBuildPhase;
			buildActionMask = 2147483647;
			files = (
				F972976515AB413E006144AD /* JSONKit.h in Headers */,
			);
			runOnlyForDeploymentPostprocessing = 0;
		};
		F972973E15AB3B8D006144AD /* Headers */ = {
			isa = PBXHeadersBuildPhase;
			buildActionMask = 2147483647;
			files = (
				F972976715AB4141006144AD /* JSONKit.h in Headers */,
			);
			runOnlyForDeploymentPostprocessing = 0;
		};
/* End PBXHeadersBuildPhase section */

/* Begin PBXNativeTarget section */
		8DC2EF4F0486A6940098B216 /* JSONKit */ = {
			isa = PBXNativeTarget;
			buildConfigurationList = 1DEB91AD08733DA50010E9CD /* Build configuration list for PBXNativeTarget "JSONKit" */;
			buildPhases = (
				8DC2EF500486A6940098B216 /* Headers */,
				8DC2EF520486A6940098B216 /* Resources */,
				8DC2EF540486A6940098B216 /* Sources */,
				8DC2EF560486A6940098B216 /* Frameworks */,
			);
			buildRules = (
			);
			dependencies = (
			);
			name = JSONKit;
			productInstallPath = "$(HOME)/Library/Frameworks";
			productName = JSONKit;
			productReference = 8DC2EF5B0486A6940098B216 /* JSONKit.framework */;
			productType = "com.apple.product-type.framework";
		};
		F972972F15AB3ABF006144AD /* JSONKit-iOS */ = {
			isa = PBXNativeTarget;
			buildConfigurationList = F972973815AB3ABF006144AD /* Build configuration list for PBXNativeTarget "JSONKit-iOS" */;
			buildPhases = (
				F972972C15AB3ABF006144AD /* Sources */,
				F972972D15AB3ABF006144AD /* Frameworks */,
				F972972E15AB3ABF006144AD /* Headers */,
			);
			buildRules = (
			);
			dependencies = (
			);
			name = "JSONKit-iOS";
			productName = "JSONKit-iOS";
			productReference = F972973015AB3ABF006144AD /* libJSONKit.a */;
			productType = "com.apple.product-type.library.static";
		};
		F972973F15AB3B8D006144AD /* JSONKit-Mac */ = {
			isa = PBXNativeTarget;
			buildConfigurationList = F972974D15AB3B8D006144AD /* Build configuration list for PBXNativeTarget "JSONKit-Mac" */;
			buildPhases = (
				F972973C15AB3B8D006144AD /* Sources */,
				F972973D15AB3B8D006144AD /* Frameworks */,
				F972973E15AB3B8D006144AD /* Headers */,
			);
			buildRules = (
			);
			dependencies = (
			);
			name = "JSONKit-Mac";
			productName = "JSONKit-Mac";
			productReference = F972974015AB3B8D006144AD /* libJSONKit.a */;
			productType = "com.apple.product-type.library.static";
		};
/* End PBXNativeTarget section */

/* Begin PBXProject section */
		0867D690FE84028FC02AAC07 /* Project object */ = {
			isa = PBXProject;
			attributes = {
				LastUpgradeCheck = 0430;
			};
			buildConfigurationList = 1DEB91B108733DA50010E9CD /* Build configuration list for PBXProject "JSONKit" */;
			compatibilityVersion = "Xcode 3.2";
			developmentRegion = English;
			hasScannedForEncodings = 1;
			knownRegions = (
				en,
			);
			mainGroup = 0867D691FE84028FC02AAC07 /* JSONKit */;
			productRefGroup = 034768DFFF38A50411DB9C8B /* Products */;
			projectDirPath = "";
			projectRoot = "";
			targets = (
				8DC2EF4F0486A6940098B216 /* JSONKit */,
				F972972F15AB3ABF006144AD /* JSONKit-iOS */,
				F972973F15AB3B8D006144AD /* JSONKit-Mac */,
			);
		};
/* End PBXProject section */

/* Begin PBXResourcesBuildPhase section */
		8DC2EF520486A6940098B216 /* Resources */ = {
			isa = PBXResourcesBuildPhase;
			buildActionMask = 2147483647;
			files = (
				8DC2EF530486A6940098B216 /* InfoPlist.strings in Resources */,
			);
			runOnlyForDeploymentPostprocessing = 0;
		};
/* End PBXResourcesBuildPhase section */

/* Begin PBXSourcesBuildPhase section */
		8DC2EF540486A6940098B216 /* Sources */ = {
			isa = PBXSourcesBuildPhase;
			buildActionMask = 2147483647;
			files = (
				F9C2AC2C0E7B620900474D97 /* JSONKit.m in Sources */,
			);
			runOnlyForDeploymentPostprocessing = 0;
		};
		F972972C15AB3ABF006144AD /* Sources */ = {
			isa = PBXSourcesBuildPhase;
			buildActionMask = 2147483647;
			files = (
				F90C756415AB4260002DA0E4 /* JSONKit.m in Sources */,
			);
			runOnlyForDeploymentPostprocessing = 0;
		};
		F972973C15AB3B8D006144AD /* Sources */ = {
			isa = PBXSourcesBuildPhase;
			buildActionMask = 2147483647;
			files = (
				F90C756615AB4263002DA0E4 /* JSONKit.m in Sources */,
			);
			runOnlyForDeploymentPostprocessing = 0;
		};
/* End PBXSourcesBuildPhase section */

/* Begin PBXVariantGroup section */
		089C1666FE841158C02AAC07 /* InfoPlist.strings */ = {
			isa = PBXVariantGroup;
			children = (
				089C1667FE841158C02AAC07 /* English */,
			);
			name = InfoPlist.strings;
			sourceTree = "<group>";
		};
/* End PBXVariantGroup section */

/* Begin XCBuildConfiguration section */
		1DEB91AE08733DA50010E9CD /* Debug */ = {
			isa = XCBuildConfiguration;
			buildSettings = {
				CLANG_ENABLE_OBJC_ARC = YES;
				FRAMEWORK_VERSION = A;
				GCC_DYNAMIC_NO_PIC = NO;
				INFOPLIST_FILE = Resources/Info.plist;
				INSTALL_PATH = "@executable_path/../Frameworks";
				PRODUCT_NAME = JSONKit;
				PUBLIC_HEADERS_FOLDER_PATH = "$(CONTENTS_FOLDER_PATH)/Headers";
				WRAPPER_EXTENSION = framework;
			};
			name = Debug;
		};
		1DEB91AF08733DA50010E9CD /* Release */ = {
			isa = XCBuildConfiguration;
			buildSettings = {
				ARCHS = "$(ARCHS_STANDARD_32_64_BIT)";
				CLANG_ENABLE_OBJC_ARC = YES;
				FRAMEWORK_VERSION = A;
				INFOPLIST_FILE = Resources/Info.plist;
				INSTALL_PATH = "@executable_path/../Frameworks";
				PRODUCT_NAME = JSONKit;
				PUBLIC_HEADERS_FOLDER_PATH = "$(CONTENTS_FOLDER_PATH)/Headers";
				WRAPPER_EXTENSION = framework;
			};
			name = Release;
		};
		1DEB91B208733DA50010E9CD /* Debug */ = {
			isa = XCBuildConfiguration;
			buildSettings = {
				DEPLOYMENT_LOCATION = YES;
				GCC_OPTIMIZATION_LEVEL = 0;
				GCC_VERSION = com.apple.compilers.llvm.clang.1_0;
				GCC_WARN_UNUSED_VARIABLE = YES;
				HEADER_SEARCH_PATHS = "\"$(PROJECT_TEMP_DIR)/../UninstalledProducts/include\"";
				SKIP_INSTALL = YES;
			};
			name = Debug;
		};
		1DEB91B308733DA50010E9CD /* Release */ = {
			isa = XCBuildConfiguration;
			buildSettings = {
				DEPLOYMENT_LOCATION = YES;
				GCC_VERSION = com.apple.compilers.llvm.clang.1_0;
				GCC_WARN_UNUSED_VARIABLE = YES;
				HEADER_SEARCH_PATHS = "\"$(PROJECT_TEMP_DIR)/../UninstalledProducts/include\"";
				SKIP_INSTALL = YES;
			};
			name = Release;
		};
		F972973915AB3ABF006144AD /* Debug */ = {
			isa = XCBuildConfiguration;
			buildSettings = {
				ARCHS = "$(ARCHS_STANDARD_32_BIT)";
				CLANG_ENABLE_OBJC_ARC = YES;
				COPY_PHASE_STRIP = NO;
				DSTROOT = /tmp/JSONKit_iOS.dst;
				GCC_C_LANGUAGE_STANDARD = gnu99;
				GCC_DYNAMIC_NO_PIC = NO;
				GCC_PREPROCESSOR_DEFINITIONS = (
					"DEBUG=1",
					"$(inherited)",
				);
				GCC_SYMBOLS_PRIVATE_EXTERN = NO;
				GCC_VERSION = com.apple.compilers.llvm.clang.1_0;
				GCC_WARN_UNINITIALIZED_AUTOS = YES;
				IPHONEOS_DEPLOYMENT_TARGET = 5.1;
				OTHER_LDFLAGS = "-ObjC";
				PRODUCT_NAME = JSONKit;
				PUBLIC_HEADERS_FOLDER_PATH = include/JSONKit;
				SDKROOT = iphoneos;
			};
			name = Debug;
		};
		F972973A15AB3ABF006144AD /* Release */ = {
			isa = XCBuildConfiguration;
			buildSettings = {
				ARCHS = "$(ARCHS_STANDARD_32_BIT)";
				CLANG_ENABLE_OBJC_ARC = YES;
				COPY_PHASE_STRIP = YES;
				DSTROOT = /tmp/JSONKit_iOS.dst;
				GCC_C_LANGUAGE_STANDARD = gnu99;
				GCC_VERSION = com.apple.compilers.llvm.clang.1_0;
				GCC_WARN_UNINITIALIZED_AUTOS = YES;
				IPHONEOS_DEPLOYMENT_TARGET = 5.1;
				OTHER_LDFLAGS = "-ObjC";
				PRODUCT_NAME = JSONKit;
				PUBLIC_HEADERS_FOLDER_PATH = include/JSONKit;
				SDKROOT = iphoneos;
				VALIDATE_PRODUCT = YES;
			};
			name = Release;
		};
		F972974E15AB3B8D006144AD /* Debug */ = {
			isa = XCBuildConfiguration;
			buildSettings = {
				ARCHS = "$(NATIVE_ARCH_ACTUAL)";
				CLANG_ENABLE_OBJC_ARC = YES;
				COPY_PHASE_STRIP = NO;
				GCC_C_LANGUAGE_STANDARD = gnu99;
				GCC_DYNAMIC_NO_PIC = NO;
				GCC_ENABLE_OBJC_EXCEPTIONS = YES;
				GCC_PRECOMPILE_PREFIX_HEADER = YES;
				GCC_PREPROCESSOR_DEFINITIONS = (
					"DEBUG=1",
					"$(inherited)",
				);
				GCC_SYMBOLS_PRIVATE_EXTERN = NO;
				GCC_VERSION = com.apple.compilers.llvm.clang.1_0;
				GCC_WARN_64_TO_32_BIT_CONVERSION = YES;
				GCC_WARN_UNINITIALIZED_AUTOS = YES;
				OTHER_CFLAGS = "-fobjc-nonfragile-abi";
				PRODUCT_NAME = JSONKit;
				PUBLIC_HEADERS_FOLDER_PATH = include/JSONKit;
			};
			name = Debug;
		};
		F972974F15AB3B8D006144AD /* Release */ = {
			isa = XCBuildConfiguration;
			buildSettings = {
				ARCHS = "$(ARCHS_STANDARD_32_64_BIT)";
				CLANG_ENABLE_OBJC_ARC = YES;
				COPY_PHASE_STRIP = YES;
				DEBUG_INFORMATION_FORMAT = "dwarf-with-dsym";
				GCC_C_LANGUAGE_STANDARD = gnu99;
				GCC_ENABLE_OBJC_EXCEPTIONS = YES;
				GCC_PRECOMPILE_PREFIX_HEADER = YES;
				GCC_VERSION = com.apple.compilers.llvm.clang.1_0;
				GCC_WARN_64_TO_32_BIT_CONVERSION = YES;
				GCC_WARN_UNINITIALIZED_AUTOS = YES;
				OTHER_CFLAGS = "-fobjc-nonfragile-abi";
				PRODUCT_NAME = JSONKit;
				PUBLIC_HEADERS_FOLDER_PATH = include/JSONKit;
			};
			name = Release;
		};
/* End XCBuildConfiguration section */

/* Begin XCConfigurationList section */
		1DEB91AD08733DA50010E9CD /* Build configuration list for PBXNativeTarget "JSONKit" */ = {
			isa = XCConfigurationList;
			buildConfigurations = (
				1DEB91AE08733DA50010E9CD /* Debug */,
				1DEB91AF08733DA50010E9CD /* Release */,
			);
			defaultConfigurationIsVisible = 0;
			defaultConfigurationName = Release;
		};
		1DEB91B108733DA50010E9CD /* Build configuration list for PBXProject "JSONKit" */ = {
			isa = XCConfigurationList;
			buildConfigurations = (
				1DEB91B208733DA50010E9CD /* Debug */,
				1DEB91B308733DA50010E9CD /* Release */,
			);
			defaultConfigurationIsVisible = 0;
			defaultConfigurationName = Release;
		};
		F972973815AB3ABF006144AD /* Build configuration list for PBXNativeTarget "JSONKit-iOS" */ = {
			isa = XCConfigurationList;
			buildConfigurations = (
				F972973915AB3ABF006144AD /* Debug */,
				F972973A15AB3ABF006144AD /* Release */,
			);
			defaultConfigurationIsVisible = 0;
			defaultConfigurationName = Release;
		};
		F972974D15AB3B8D006144AD /* Build configuration list for PBXNativeTarget "JSONKit-Mac" */ = {
			isa = XCConfigurationList;
			buildConfigurations = (
				F972974E15AB3B8D006144AD /* Debug */,
				F972974F15AB3B8D006144AD /* Release */,
			);
			defaultConfigurationIsVisible = 0;
			defaultConfigurationName = Release;
		};
/* End XCConfigurationList section */
	};
	rootObject = 0867D690FE84028FC02AAC07 /* Project object */;
}
